{
  "name": "react-native-bluetooth-escpos-printer-custom",
  "version": "0.0.20",
  "lockfileVersion": 1,
  "requires": true,
  "dependencies": {
    "jetifier": {
      "version": "1.6.8",
      "resolved": "https://registry.npmjs.org/jetifier/-/jetifier-1.6.8.tgz",
      "integrity": "sha512-3Zi16h6L5tXDRQJTb221cnRoVG9/9OvreLdLU2/ZjRv/GILL+2Cemt0IKvkowwkDpvouAU1DQPOJ7qaiHeIdrw=="
    },
    "jetify": {
      "version": "1.0.2",
      "resolved": "https://registry.npmjs.org/jetify/-/jetify-1.0.2.tgz",
      "integrity": "sha512-LmeaeeM5l37oZRs6O0O0jMafEw7ra1++YJN2tnbCPnfjulnXryMlQKRib/4e64fJ2rzOWomyDsSFjD+7ZSXyKg=="
    }
  }
}
